{
    "_meta": {
        "hash": {
            "sha256": "0565d61c1e85d479ab389faa17efd3352a28184f98af3bde6398619ebd78d5c7"
        },
        "pipfile-spec": 6,
        "requires": {
            "python_version": "3.6.7"
        },
        "sources": [
            {
                "name": "pypi",
                "url": "https://pypi.org/simple",
                "verify_ssl": true
            }
        ]
    },
    "default": {
        "anyascii": {
            "hashes": [
                "sha256:d0eb076933a9eaf1138cb365a5e2e35360ffbbf3200bf33419aaa17d5f8599f5",
                "sha256:f100a4f716867bcf0a3b05d8a183dd122fc1d55304a10127bee256e602452d61"
            ],
            "markers": "python_version >= '3.3'",
            "version": "==0.1.7"
        },
        "babel": {
            "hashes": [
                "sha256:9d35c22fcc79893c3ecc85ac4a56cde1ecf3f19c540bba0922308a6c06ca6fa5",
                "sha256:da031ab54472314f210b0adcff1588ee5d1d1d0ba4dbd07b94dba82bde791e05"
            ],
            "markers": "python_version >= '2.7' and python_version not in '3.0, 3.1, 3.2, 3.3'",
            "version": "==2.9.0"
        },
        "beautifulsoup4": {
            "hashes": [
                "sha256:05fd825eb01c290877657a56df4c6e4c311b3965bda790c613a3d6fb01a5462a",
                "sha256:9fbb4d6e48ecd30bcacc5b63b94088192dcda178513b2ae3c394229f8911b887",
                "sha256:e1505eeed31b0f4ce2dbb3bc8eb256c04cc2b3b72af7d551a4ab6efd5cbe5dae"
            ],
            "version": "==4.8.2"
        },
        "certifi": {
            "hashes": [
                "sha256:1a4995114262bffbc2413b159f2a1a480c969de6e6eb13ee966d470af86af59c",
                "sha256:719a74fb9e33b9bd44cc7f3a8d94bc35e4049deebe19ba7d8e108280cfd59830"
            ],
            "version": "==2020.12.5"
        },
        "cfl-common": {
            "hashes": [
                "sha256:7c3052633d0c0ae58c6a60d38cbb0ba86ddd168c82b630ac4b52c0de2567d521",
                "sha256:95b197f956f6d3d2378b3a28f9bb81798d2f063c196bafb9d4192534bd0da3fd"
            ],
            "version": "==4.15.0"
        },
        "chardet": {
            "hashes": [
                "sha256:0d6f53a15db4120f2b08c94f11e7d93d2c911ee118b6b30a04ec3ee8310179fa",
                "sha256:f864054d66fd9118f2e67044ac8981a54775ec5b67aed0441892edb553d21da5"
            ],
            "markers": "python_version >= '2.7' and python_version not in '3.0, 3.1, 3.2, 3.3, 3.4'",
            "version": "==4.0.0"
        },
        "django": {
            "hashes": [
                "sha256:558cb27930defd9a6042133258caf797b2d1dee233959f537e3dc475cb49bd7c",
                "sha256:cf5370a4d7765a9dd6d42a7b96b53c74f9446cd38209211304b210fe0404b861"
            ],
            "markers": "python_version >= '3.5'",
            "version": "==2.2.17"
        },
        "django-autoconfig": {
            "file": "https://api.github.com/repos/ocadotechnology/django-autoconfig/tarball",
            "hashes": [
                "sha256:1e9366da2133eb05064ef67240ee9403ac30f5fba5133b0e728c788997e292c3"
            ],
            "version": "==0.9.0"
        },
        "django-countries": {
            "hashes": [
                "sha256:64015977a5989bcb0e645007299b19fe8ac117466af375161b26bcfa32ae2808",
                "sha256:a0f77154ae08cb38a0d65530a399ead5f5837ebf6c74f7576e71bb7acdacca94"
            ],
            "version": "==6.1.3"
        },
        "django-filter": {
            "hashes": [
                "sha256:84e9d5bb93f237e451db814ed422a3a625751cbc9968b484ecc74964a8696b06",
                "sha256:e00d32cebdb3d54273c48f4f878f898dced8d5dfaad009438fe61ebdf535ace1"
            ],
            "markers": "python_version >= '3.5'",
            "version": "==2.4.0"
        },
        "django-formtools": {
            "hashes": [
                "sha256:304fa777b8ef9e0693ce7833f885cb89ba46b0e46fc23b01176900a93f46742f",
                "sha256:c5272c03c1cd51b2375abf7397a199a3148a9fbbf2f100e186467a84025d13b2"
            ],
            "version": "==2.2"
        },
        "django-foundation-statics": {
            "hashes": [
                "sha256:c375de71f890f8a787b88229e04a7f6865d511fbb5ab87da72cf72bce92af957"
            ],
            "version": "==5.4.7"
        },
        "django-js-reverse": {
            "hashes": [
                "sha256:2a392d169f44e30b883c30dfcfd917a14167ce8fe196c99d2385b31c90d77aa0",
                "sha256:8134c2ab6307c945edfa90671ca65e85d6c1754d48566bdd6464be259cc80c30"
            ],
            "version": "==0.9.1"
        },
        "django-modelcluster": {
            "hashes": [
                "sha256:783d177f7bf5c8f30fe365c347b9a032920de371fe1c63d955d7b283684d4c08",
                "sha256:d4a0f90e85ae1a193f417e149b6b01d0b2a867dcf97f7fae1d34a4363a9d7baa"
            ],
            "markers": "python_version >= '3.5'",
            "version": "==5.1"
        },
        "django-otp": {
            "hashes": [
                "sha256:8ba5ab9bd2738c7321376c349d7cce49cf4404e79f6804e0a3cc462a91728e18",
                "sha256:f523fb9dec420f28a29d3e2ad72ac06f64588956ed4f2b5b430d8e957ebb8287"
            ],
            "version": "==1.0.2"
        },
        "django-phonenumber-field": {
            "hashes": [
                "sha256:1ab19f723928582fed412bd9844221fa4ff466276d8526b8b4a9913ee1487c5e",
                "sha256:794ebbc3068a7af75aa72a80cb0cec67e714ff8409a965968040f1fd210b2d97"
            ],
            "markers": "python_version >= '3.5'",
            "version": "==3.0.1"
        },
        "django-pipeline": {
            "hashes": [
                "sha256:b56f2cfdb113dc1cb05257d8eb8d145fc0ade6f0d1236fb425df15bd059dce15",
                "sha256:ef67aaf58959a2959e13fc114001cee5beec05ac18a81cc700ea9f1c8e3f40a8"
            ],
            "version": "==1.6.14"
        },
        "django-taggit": {
            "hashes": [
                "sha256:4a833bf71f4c2deddd9745924eee53be1c075d7f0020a06f12e29fa3d752732d",
                "sha256:609b0223d8a652f3fae088b7fd29f294fdadaca2d7931d45c27d6c59b02fdf31"
            ],
            "markers": "python_version >= '3.5'",
            "version": "==1.3.0"
        },
        "django-treebeard": {
            "hashes": [
                "sha256:83aebc34a9f06de7daaec330d858d1c47887e81be3da77e3541fe7368196dd8a"
            ],
            "version": "==4.3.1"
        },
        "django-two-factor-auth": {
            "hashes": [
                "sha256:24c2850a687c86800f4aa4131b7cebadf56f35be04ca359c4990578df1cc249a",
                "sha256:afb60e62f22b1f29a568666c0444ab05cabe8acc4d7c54d833d67f7b50f842fd"
            ],
            "version": "==1.13"
        },
        "djangorestframework": {
            "hashes": [
                "sha256:0209bafcb7b5010fdfec784034f059d512256424de2a0f084cb82b096d6dd6a7"
            ],
            "markers": "python_version >= '3.5'",
            "version": "==3.12.2"
        },
        "draftjs-exporter": {
            "hashes": [
                "sha256:5839cbc29d7bce2fb99837a404ca40c3a07313f2a20e2700de7ad6aa9a9a18fb",
                "sha256:d415a9964690a2cddb66a31ef32dd46c277e9b80434b94e39e3043188ed83e33"
            ],
            "version": "==2.1.7"
        },
        "et-xmlfile": {
            "hashes": [
                "sha256:614d9722d572f6246302c4491846d2c393c199cfa4edc9af593437691683335b"
            ],
            "version": "==1.0.1"
        },
        "future": {
            "hashes": [
                "sha256:b1bead90b70cf6ec3f0710ae53a525360fa360d306a86583adc6bf83a4db537d"
            ],
            "markers": "python_version >= '2.6' and python_version not in '3.0, 3.1, 3.2'",
            "version": "==0.18.2"
        },
        "html5lib": {
            "hashes": [
                "sha256:0d78f8fde1c230e99fe37986a60526d7049ed4bf8a9fadbad5f00e22e58e041d",
                "sha256:b2e5b40261e20f354d198eae92afc10d750afb487ed5e50f9c4eaf07c184146f"
            ],
            "markers": "python_version >= '2.7' and python_version not in '3.0, 3.1, 3.2, 3.3, 3.4'",
            "version": "==1.1"
        },
        "idna": {
            "hashes": [
                "sha256:b307872f855b18632ce0c21c5e45be78c0ea7ae4c15c828c20788b26921eb3f6",
                "sha256:b97d804b1e9b523befed77c48dacec60e6dcb0b5391d57af6a65a312a90648c0"
            ],
            "markers": "python_version >= '2.7' and python_version not in '3.0, 3.1, 3.2, 3.3'",
            "version": "==2.10"
        },
        "jdcal": {
            "hashes": [
                "sha256:1abf1305fce18b4e8aa248cf8fe0c56ce2032392bc64bbd61b5dff2a19ec8bba",
                "sha256:472872e096eb8df219c23f2689fc336668bdb43d194094b5cc1707e1640acfc8"
            ],
            "version": "==1.4.1"
        },
        "l18n": {
            "hashes": [
                "sha256:ea7a65b2f0935b14601a3295f2c5e5e8b54126dd1e6a7fef4e44d2b8dd5b695a"
            ],
            "version": "==2020.6.1"
        },
        "libsass": {
            "hashes": [
                "sha256:1521d2a8d4b397c6ec90640a1f6b5529077035efc48ef1c2e53095544e713d1b",
                "sha256:1b2d415bbf6fa7da33ef46e549db1418498267b459978eff8357e5e823962d35",
                "sha256:25ebc2085f5eee574761ccc8d9cd29a9b436fc970546d5ef08c6fa41eb57dff1",
                "sha256:2ae806427b28bc1bb7cb0258666d854fcf92ba52a04656b0b17ba5e190fb48a9",
                "sha256:4a246e4b88fd279abef8b669206228c92534d96ddcd0770d7012088c408dff23",
                "sha256:553e5096414a8d4fb48d0a48f5a038d3411abe254d79deac5e008516c019e63a",
                "sha256:697f0f9fa8a1367ca9ec6869437cb235b1c537fc8519983d1d890178614a8903",
                "sha256:a8fd4af9f853e8bf42b1425c5e48dd90b504fa2e70d7dac5ac80b8c0a5a5fe85",
                "sha256:c9411fec76f480ffbacc97d8188322e02a5abca6fc78e70b86a2a2b421eae8a2",
                "sha256:daa98a51086d92aa7e9c8871cf1a8258124b90e2abf4697852a3dca619838618",
                "sha256:e0e60836eccbf2d9e24ec978a805cd6642fa92515fbd95e3493fee276af76f8a",
                "sha256:e64ae2587f1a683e831409aad03ba547c245ef997e1329fffadf7a866d2510b8",
                "sha256:f6852828e9e104d2ce0358b73c550d26dd86cc3a69439438c3b618811b9584f5"
            ],
            "version": "==0.20.1"
        },
        "more-itertools": {
            "hashes": [
                "sha256:8e1a2a43b2f2727425f2b5839587ae37093f19153dc26c0927d1048ff6557330",
                "sha256:b3a9005928e5bed54076e6e549c792b306fddfe72b2d1d22dd63d42d5d3899cf"
            ],
            "markers": "python_version >= '3.5'",
            "version": "==8.6.0"
        },
        "openpyxl": {
            "hashes": [
                "sha256:18e11f9a650128a12580a58e3daba14e00a11d9e907c554a17ea016bf1a2c71b",
                "sha256:f7d666b569f729257082cf7ddc56262431878f602dcc2bc3980775c59439cdab"
            ],
            "version": "==3.0.5"
        },
        "pillow": {
            "hashes": [
                "sha256:006de60d7580d81f4a1a7e9f0173dc90a932e3905cc4d47ea909bc946302311a",
                "sha256:0a2e8d03787ec7ad71dc18aec9367c946ef8ef50e1e78c71f743bc3a770f9fae",
                "sha256:0eeeae397e5a79dc088d8297a4c2c6f901f8fb30db47795113a4a605d0f1e5ce",
                "sha256:11c5c6e9b02c9dac08af04f093eb5a2f84857df70a7d4a6a6ad461aca803fb9e",
                "sha256:2fb113757a369a6cdb189f8df3226e995acfed0a8919a72416626af1a0a71140",
                "sha256:4b0ef2470c4979e345e4e0cc1bbac65fda11d0d7b789dbac035e4c6ce3f98adb",
                "sha256:59e903ca800c8cfd1ebe482349ec7c35687b95e98cefae213e271c8c7fffa021",
                "sha256:5abd653a23c35d980b332bc0431d39663b1709d64142e3652890df4c9b6970f6",
                "sha256:5f9403af9c790cc18411ea398a6950ee2def2a830ad0cfe6dc9122e6d528b302",
                "sha256:6b4a8fd632b4ebee28282a9fef4c341835a1aa8671e2770b6f89adc8e8c2703c",
                "sha256:6c1aca8231625115104a06e4389fcd9ec88f0c9befbabd80dc206c35561be271",
                "sha256:795e91a60f291e75de2e20e6bdd67770f793c8605b553cb6e4387ce0cb302e09",
                "sha256:7ba0ba61252ab23052e642abdb17fd08fdcfdbbf3b74c969a30c58ac1ade7cd3",
                "sha256:7c9401e68730d6c4245b8e361d3d13e1035cbc94db86b49dc7da8bec235d0015",
                "sha256:81f812d8f5e8a09b246515fac141e9d10113229bc33ea073fec11403b016bcf3",
                "sha256:895d54c0ddc78a478c80f9c438579ac15f3e27bf442c2a9aa74d41d0e4d12544",
                "sha256:8de332053707c80963b589b22f8e0229f1be1f3ca862a932c1bcd48dafb18dd8",
                "sha256:92c882b70a40c79de9f5294dc99390671e07fc0b0113d472cbea3fde15db1792",
                "sha256:95edb1ed513e68bddc2aee3de66ceaf743590bf16c023fb9977adc4be15bd3f0",
                "sha256:b63d4ff734263ae4ce6593798bcfee6dbfb00523c82753a3a03cbc05555a9cc3",
                "sha256:bd7bf289e05470b1bc74889d1466d9ad4a56d201f24397557b6f65c24a6844b8",
                "sha256:cc3ea6b23954da84dbee8025c616040d9aa5eaf34ea6895a0a762ee9d3e12e11",
                "sha256:cc9ec588c6ef3a1325fa032ec14d97b7309db493782ea8c304666fb10c3bd9a7",
                "sha256:d3d07c86d4efa1facdf32aa878bd508c0dc4f87c48125cc16b937baa4e5b5e11",
                "sha256:d8a96747df78cda35980905bf26e72960cba6d355ace4780d4bdde3b217cdf1e",
                "sha256:e38d58d9138ef972fceb7aeec4be02e3f01d383723965bfcef14d174c8ccd039",
                "sha256:eb472586374dc66b31e36e14720747595c2b265ae962987261f044e5cce644b5",
                "sha256:fbd922f702582cb0d71ef94442bfca57624352622d75e3be7a1e7e9360b07e72"
            ],
            "markers": "python_version >= '3.6'",
            "version": "==8.0.1"
        },
        "pyhamcrest": {
            "hashes": [
                "sha256:412e00137858f04bde0729913874a48485665f2d36fe9ee449f26be864af9316",
                "sha256:7ead136e03655af85069b6f47b23eb7c3e5c221aa9f022a4fbb499f5b7308f29"
            ],
            "markers": "python_version >= '3.5'",
            "version": "==2.0.2"
        },
        "pytz": {
            "hashes": [
                "sha256:3e6b7dd2d1e0a59084bcee14a17af60c5c562cdc16d828e8eba2e683d3a7e268",
                "sha256:5c55e189b682d420be27c6995ba6edce0c0a77dd67bfbe2ae6607134d5851ffd"
            ],
            "version": "==2020.4"
        },
        "qrcode": {
            "hashes": [
                "sha256:3996ee560fc39532910603704c82980ff6d4d5d629f9c3f25f34174ce8606cf5",
                "sha256:505253854f607f2abf4d16092c61d4e9d511a3b4392e60bff957a68592b04369"
            ],
            "version": "==6.1"
        },
        "rapid-router": {
            "editable": true,
            "path": "."
        },
        "requests": {
            "hashes": [
                "sha256:27973dd4a904a4f13b263a19c866c13b92a39ed1c964655f025f3f8d3d75b804",
                "sha256:c210084e36a42ae6b9219e00e48287def368a26d03a048ddad7bfee44f75871e"
            ],
            "markers": "python_version >= '2.7' and python_version not in '3.0, 3.1, 3.2, 3.3, 3.4'",
            "version": "==2.25.1"
        },
        "six": {
            "hashes": [
                "sha256:30639c035cdb23534cd4aa2dd52c3bf48f06e5f4a941509c8bafd8ce11080259",
                "sha256:8b74bedcbbbaca38ff6d7491d76f2b06b3592611af620f8426e82dddb04a5ced"
            ],
            "markers": "python_version >= '2.7' and python_version not in '3.0, 3.1, 3.2'",
            "version": "==1.15.0"
        },
        "soupsieve": {
            "hashes": [
                "sha256:4bb21a6ee4707bf43b61230e80740e71bfe56e55d1f1f50924b087bb2975c851",
                "sha256:6dc52924dc0bc710a5d16794e6b3480b2c7c08b07729505feab2b2c16661ff6e"
            ],
            "markers": "python_version >= '3.5'",
            "version": "==2.1"
        },
        "sqlparse": {
            "hashes": [
                "sha256:017cde379adbd6a1f15a61873f43e8274179378e95ef3fede90b5aa64d304ed0",
                "sha256:0f91fd2e829c44362cbcfab3e9ae12e22badaa8a29ad5ff599f9ec109f0454e8"
            ],
            "markers": "python_version >= '3.5'",
            "version": "==0.4.1"
        },
        "tablib": {
            "extras": [
                "xls",
                "xlsx"
            ],
            "hashes": [
                "sha256:41aa40981cddd7ec4d1fabeae7c38d271601b306386bd05b5c3bcae13e5aeb20",
                "sha256:f83cac08454f225a34a305daa20e2110d5e6335135d505f93bc66583a5f9c10d"
            ],
            "markers": "python_version >= '3.6'",
            "version": "==3.0.0"
        },
        "unidecode": {
            "hashes": [
                "sha256:4c9d15d2f73eb0d2649a151c566901f80a030da1ccb0a2043352e1dbf647586b",
                "sha256:a039f89014245e0cad8858976293e23501accc9ff5a7bdbc739a14a2b7b85cdc"
            ],
            "version": "==1.1.2"
        },
        "urllib3": {
            "hashes": [
                "sha256:19188f96923873c92ccb987120ec4acaa12f0461fa9ce5d3d0772bc965a39e08",
                "sha256:d8ff90d979214d7b4f8ce956e80f4028fc6860e4431f731ea4a8c08f23f99473"
            ],
            "markers": "python_version >= '2.7' and python_version not in '3.0, 3.1, 3.2, 3.3, 3.4' and python_version < '4'",
            "version": "==1.26.2"
        },
        "wagtail": {
            "hashes": [
                "sha256:2d153a61fc7cdff2ef71392301661b6a35a09e66758490ac346410b548e3368a",
                "sha256:825c143b8acdadc4b85c7880dbd1cfaa35397c42bdbf7965baaf6b2fdd78f913"
            ],
            "markers": "python_version >= '3.6'",
            "version": "==2.11.3"
        },
        "webencodings": {
            "hashes": [
                "sha256:a0af1213f3c2226497a97e2b3aa01a7e4bee4f403f95be16fc9acd2947514a78",
                "sha256:b36a1c245f2d304965eb4e0a82848379241dc04b865afcc4aab16748587e1923"
            ],
            "version": "==0.5.1"
        },
        "willow": {
            "hashes": [
                "sha256:698f755fc6bfb8984ac8550f470a0cb630ec1e628287475315d4d1e7595d7337",
                "sha256:cde01e054c510284ac3459d6b531e1653a58e33a735706ac27905a94fe81742c"
            ],
            "version": "==1.4"
        },
        "xlrd": {
            "hashes": [
                "sha256:6a33ee89877bd9abc1158129f6e94be74e2679636b8a205b43b85206c3f0bbdd",
                "sha256:f72f148f54442c6b056bf931dbc34f986fd0c3b0b6b5a58d013c9aef274d0c88"
            ],
            "version": "==2.0.1"
        },
        "xlsxwriter": {
            "hashes": [
                "sha256:9b1ade2d1ba5d9b40a6d1de1d55ded4394ab8002718092ae80a08532c2add2e6",
                "sha256:b807c2d3e379bf6a925f472955beef3e07495c1bac708640696876e68675b49b"
            ],
            "version": "==1.3.7"
        },
        "xlwt": {
            "hashes": [
                "sha256:a082260524678ba48a297d922cc385f58278b8aa68741596a87de01a9c628b2e",
                "sha256:c59912717a9b28f1a3c2a98fd60741014b06b043936dcecbc113eaaada156c88"
            ],
            "version": "==1.3.0"
        }
    },
    "develop": {
        "attrs": {
            "hashes": [
                "sha256:31b2eced602aa8423c2aea9c76a724617ed67cf9513173fd3a4f03e3a929c7e6",
                "sha256:832aa3cde19744e49938b91fea06d69ecb9e649c93ba974535d08ad92164f700"
            ],
            "markers": "python_version >= '2.7' and python_version not in '3.0, 3.1, 3.2, 3.3'",
            "version": "==20.3.0"
        },
        "django": {
            "hashes": [
                "sha256:558cb27930defd9a6042133258caf797b2d1dee233959f537e3dc475cb49bd7c",
                "sha256:cf5370a4d7765a9dd6d42a7b96b53c74f9446cd38209211304b210fe0404b861"
            ],
            "markers": "python_version >= '3.5'",
            "version": "==2.2.17"
        },
        "django-selenium-clean": {
            "hashes": [
                "sha256:405106e6ce176970a60165e56cfe152469fd8e9159ca2d80fd4309f6bb8e820a",
                "sha256:a1af18cd6ec5ad2aa368d6baacae2937479ab025bf84317a56a2b3485e2cf4a7"
            ],
            "index": "pypi",
            "version": "==0.3.2"
        },
        "django-test-migrations": {
            "hashes": [
                "sha256:d120d0287e1dd82ed62fe083747a1e99c0398d56beda52594e8391b94a41bef5",
                "sha256:e5747e2ad0b7e4d3b8d9ccd40d414b0f186316d3757af022b4bbdec700897521"
            ],
            "index": "pypi",
            "version": "==1.0.0"
        },
        "importlib-metadata": {
            "hashes": [
                "sha256:5c5a2720817414a6c41f0a49993908068243ae02c1635a228126519b509c8aed",
                "sha256:bf792d480abbd5eda85794e4afb09dd538393f7d6e6ffef6e9f03d2014cf9450"
            ],
            "markers": "python_version < '3.8' and python_version < '3.8'",
            "version": "==3.3.0"
        },
        "iniconfig": {
            "hashes": [
                "sha256:011e24c64b7f47f6ebd835bb12a743f2fbe9a26d4cecaa7f53bc4f35ee9da8b3",
                "sha256:bc3af051d7d14b2ee5ef9969666def0cd1a000e121eaea580d4a313df4b37f32"
            ],
            "version": "==1.1.1"
        },
        "packaging": {
            "hashes": [
                "sha256:24e0da08660a87484d1602c30bb4902d74816b6985b93de36926f5bc95741858",
                "sha256:78598185a7008a470d64526a8059de9aaa449238f280fc9eb6b13ba6c4109093"
            ],
            "markers": "python_version >= '2.7' and python_version not in '3.0, 3.1, 3.2, 3.3'",
            "version": "==20.8"
        },
        "pluggy": {
            "hashes": [
                "sha256:15b2acde666561e1298d71b523007ed7364de07029219b604cf808bfa1c765b0",
                "sha256:966c145cd83c96502c3c3868f50408687b38434af77734af1e9ca461a4081d2d"
            ],
            "markers": "python_version >= '2.7' and python_version not in '3.0, 3.1, 3.2, 3.3'",
            "version": "==0.13.1"
        },
        "py": {
            "hashes": [
                "sha256:21b81bda15b66ef5e1a777a21c4dcd9c20ad3efd0b3f817e7a809035269e1bd3",
                "sha256:3b80836aa6d1feeaa108e046da6423ab8f6ceda6468545ae8d02d9d58d18818a"
            ],
            "markers": "python_version >= '2.7' and python_version not in '3.0, 3.1, 3.2, 3.3'",
            "version": "==1.10.0"
        },
        "pyparsing": {
            "hashes": [
                "sha256:c203ec8783bf771a155b207279b9bccb8dea02d8f0c9e5f8ead507bc3246ecc1",
                "sha256:ef9d7589ef3c200abe66653d3f1ab1033c3c419ae9b9bdb1240a85b024efc88b"
            ],
            "markers": "python_version >= '2.6' and python_version not in '3.0, 3.1, 3.2'",
            "version": "==2.4.7"
        },
        "pytest": {
            "hashes": [
                "sha256:1969f797a1a0dbd8ccf0fecc80262312729afea9c17f1d70ebf85c5e76c6f7c8",
                "sha256:66e419b1899bc27346cb2c993e12c5e5e8daba9073c1fbce33b9807abc95c306"
            ],
            "index": "pypi",
            "version": "==6.2.1"
        },
        "pytest-django": {
            "hashes": [
                "sha256:10e384e6b8912ded92db64c58be8139d9ae23fb8361e5fc139d8e4f8fc601bc2",
                "sha256:26f02c16d36fd4c8672390deebe3413678d89f30720c16efb8b2a6bf63b9041f"
            ],
            "index": "pypi",
            "version": "==4.1.0"
        },
        "pytz": {
            "hashes": [
                "sha256:3e6b7dd2d1e0a59084bcee14a17af60c5c562cdc16d828e8eba2e683d3a7e268",
                "sha256:5c55e189b682d420be27c6995ba6edce0c0a77dd67bfbe2ae6607134d5851ffd"
            ],
            "version": "==2020.4"
        },
        "selenium": {
            "hashes": [
                "sha256:2d7131d7bc5a5b99a2d9b04aaf2612c411b03b8ca1b1ee8d3de5845a9be2cb3c",
                "sha256:deaf32b60ad91a4611b98d8002757f29e6f2c2d5fcaf202e1c9ad06d6772300d"
            ],
            "index": "pypi",
            "version": "==3.141.0"
        },
        "sqlparse": {
            "hashes": [
                "sha256:017cde379adbd6a1f15a61873f43e8274179378e95ef3fede90b5aa64d304ed0",
                "sha256:0f91fd2e829c44362cbcfab3e9ae12e22badaa8a29ad5ff599f9ec109f0454e8"
            ],
            "markers": "python_version >= '3.5'",
            "version": "==0.4.1"
        },
        "toml": {
            "hashes": [
                "sha256:806143ae5bfb6a3c6e736a764057db0e6a0e05e338b5630894a5f779cabb4f9b",
                "sha256:b3bda1d108d5dd99f4a20d24d9c348e91c4db7ab1b749200bded2f839ccbe68f"
            ],
            "markers": "python_version >= '2.6' and python_version not in '3.0, 3.1, 3.2'",
            "version": "==0.10.2"
        },
        "typing-extensions": {
            "hashes": [
                "sha256:7cb407020f00f7bfc3cb3e7881628838e69d8f3fcab2f64742a5e76b2f841918",
                "sha256:99d4073b617d30288f569d3f13d2bd7548c3a7e4c8de87db09a9d29bb3a4a60c",
                "sha256:dafc7639cde7f1b6e1acc0f457842a83e722ccca8eef5270af2d74792619a89f"
            ],
            "markers": "python_version < '3.8'",
            "version": "==3.7.4.3"
        },
        "urllib3": {
            "hashes": [
                "sha256:19188f96923873c92ccb987120ec4acaa12f0461fa9ce5d3d0772bc965a39e08",
                "sha256:d8ff90d979214d7b4f8ce956e80f4028fc6860e4431f731ea4a8c08f23f99473"
            ],
            "markers": "python_version >= '2.7' and python_version not in '3.0, 3.1, 3.2, 3.3, 3.4' and python_version < '4'",
            "version": "==1.26.2"
        },
        "zipp": {
            "hashes": [
                "sha256:102c24ef8f171fd729d46599845e95c7ab894a4cf45f5de11a44cc7444fb1108",
                "sha256:ed5eee1974372595f9e416cc7bbeeb12335201d8081ca8a0743c954d4446e5cb"
            ],
            "markers": "python_version >= '3.6'",
            "version": "==3.4.0"
        }
    }
}
